[[package]]
name = "annotated-types"
version = "0.7.0"
description = "Reusable constraint types to use with typing.Annotated"
category = "main"
optional = false
python-versions = ">=3.8"

[[package]]
name = "pydantic"
version = "2.9.2"
description = "Data validation using Python type hints"
category = "main"
optional = false
python-versions = ">=3.8"

[package.dependencies]
annotated-types = ">=0.6.0"
pydantic-core = "2.23.4"
typing-extensions = [
    {version = ">=4.12.2", markers = "python_version >= \"3.13\""},
    {version = ">=4.6.1", markers = "python_version < \"3.13\""},
]

[package.extras]
email = ["email-validator (>=2.0.0)"]
timezone = ["tzdata"]

[[package]]
name = "pydantic-core"
version = "2.23.4"
description = "Core functionality for Pydantic validation and serialization"
category = "main"
optional = false
python-versions = ">=3.8"

[package.dependencies]
typing-extensions = ">=4.6.0,<4.7.0 || >4.7.0"

[[package]]
name = "pydantic-settings"
version = "2.5.2"
description = "Settings management using Pydantic"
category = "main"
optional = false
python-versions = ">=3.8"

[package.dependencies]
pydantic = ">=2.7.0"
python-dotenv = ">=0.21.0"

[package.extras]
azure-key-vault = ["azure-identity (>=1.16.0)", "azure-keyvault-secrets (>=4.8.0)"]
toml = ["tomli (>=2.0.1)"]
yaml = ["pyyaml (>=6.0.1)"]

[[package]]
name = "python-dotenv"
version = "1.0.1"
description = "Read key-value pairs from a .env file and set them as environment variables"
category = "main"
optional = false
python-versions = ">=3.8"

[package.extras]
cli = ["click (>=5.0)"]

[[package]]
name = "typing-extensions"
version = "4.12.2"
description = "Backported and Experimental Type Hints for Python 3.8+"
category = "main"
optional = false
python-versions = ">=3.8"

[metadata]
lock-version = "1.1"
python-versions = "^3.11"
content-hash = "c9e83ebbc953f09112032ddf079ad74265381f8b972abd2ec3a08d81bbe72e12"

[metadata.files]
annotated-types = []
pydantic = []
pydantic-core = []
pydantic-settings = []
python-dotenv = []
typing-extensions = []
